
Microsoft Visual Studio Solution File, Format Version 12.00
# Visual Studio Version 16
VisualStudioVersion = 16.0.31702.278
MinimumVisualStudioVersion = 10.0.40219.1
Project("{FAE04EC0-301F-11D3-BF4B-00C04F79EFBC}") = "M2_Projeto_Thaynan_Vinicius", "M2_Projeto_Thaynan_Vinicius\M2_Projeto_Thaynan_Vinicius.csproj", "{5CAA4B23-054B-4247-8548-57EE54BED810}"
EndProject
Global
	GlobalSection(SolutionConfigurationPlatforms) = preSolution
		Debug|Any CPU = Debug|Any CPU
		Release|Any CPU = Release|Any CPU
	EndGlobalSection
	GlobalSection(ProjectConfigurationPlatforms) = postSolution
		{5CAA4B23-054B-4247-8548-57EE54BED810}.Debug|Any CPU.ActiveCfg = Debug|Any CPU
		{5CAA4B23-054B-4247-8548-57EE54BED810}.Debug|Any CPU.Build.0 = Debug|Any CPU
		{5CAA4B23-054B-4247-8548-57EE54BED810}.Release|Any CPU.ActiveCfg = Release|Any CPU
		{5CAA4B23-054B-4247-8548-57EE54BED810}.Release|Any CPU.Build.0 = Release|Any CPU
	EndGlobalSection
	GlobalSection(SolutionProperties) = preSolution
		HideSolutionNode = FALSE
	EndGlobalSection
	GlobalSection(ExtensibilityGlobals) = postSolution
		SolutionGuid = {B3191255-AD82-4DE9-B077-FB6BE10F85E1}
	EndGlobalSection
EndGlobal
